{
  "name": "marx-export-button",
  "version": "1.0.0",
  "lockfileVersion": 1,
  "requires": true,
  "dependencies": {
    "base64-arraybuffer": {
      "version": "0.2.0",
      "resolved": "https://registry.npmmirror.com/base64-arraybuffer/download/base64-arraybuffer-0.2.0.tgz",
      "integrity": "sha1-S5RPrAGRqlkHr+LYyZnMxXzoD0U="
    },
    "css-line-break": {
      "version": "2.0.1",
      "resolved": "https://registry.nlark.com/css-line-break/download/css-line-break-2.0.1.tgz?cache=0&sync_timestamp=1628083580646&other_urls=https%3A%2F%2Fregistry.nlark.com%2Fcss-line-break%2Fdownload%2Fcss-line-break-2.0.1.tgz",
      "integrity": "sha1-PcdMLtXrZCEUgCgZMkdXkCQ+czg=",
      "requires": {
        "base64-arraybuffer": "^0.2.0"
      }
    },
    "esbuild-plugin-replace": {
      "version": "1.1.0",
      "resolved": "https://registry.npmmirror.com/esbuild-plugin-replace/download/esbuild-plugin-replace-1.1.0.tgz",
      "integrity": "sha512-NxyLnzR2jCtS94vFVTbXlLehXkZEj2bMl5uPN9IepMCrkjVG8xdGEVPempWB8pmZuN19XuzKItNdKSVEPI0tmA==",
      "dev": true,
      "requires": {
        "magic-string": "^0.25.7"
      }
    },
    "html2canvas": {
      "version": "1.4.0",
      "resolved": "https://registry.npmmirror.com/html2canvas/download/html2canvas-1.4.0.tgz",
      "integrity": "sha512-vQMssxs2HvLuy7T0JrQqirRQxnhfB7KaHRSsQVV2WaNlXMqqhwv0gH+JUkkaWCednbDWZtRF7Msb/pbTkbcrpA==",
      "requires": {
        "css-line-break": "2.0.1",
        "text-segmentation": "^1.0.2"
      }
    },
    "magic-string": {
      "version": "0.25.7",
      "resolved": "https://registry.nlark.com/magic-string/download/magic-string-0.25.7.tgz",
      "integrity": "sha1-P0l9b9NMZpxnmNy4IfLvMfVEUFE=",
      "dev": true,
      "requires": {
        "sourcemap-codec": "^1.4.4"
      }
    },
    "sourcemap-codec": {
      "version": "1.4.8",
      "resolved": "https://registry.nlark.com/sourcemap-codec/download/sourcemap-codec-1.4.8.tgz",
      "integrity": "sha1-6oBL2UhXQC5pktBaOO8a41qatMQ=",
      "dev": true
    },
    "text-segmentation": {
      "version": "1.0.2",
      "resolved": "https://registry.nlark.com/text-segmentation/download/text-segmentation-1.0.2.tgz",
      "integrity": "sha1-H4KPoUqhAcEU3tG9o1un3MF8mFg=",
      "requires": {
        "utrie": "^1.0.1"
      }
    },
    "utrie": {
      "version": "1.0.1",
      "resolved": "https://registry.nlark.com/utrie/download/utrie-1.0.1.tgz",
      "integrity": "sha1-4VUjXry93ImuCSYatudzzmFAGy8=",
      "requires": {
        "base64-arraybuffer": "^1.0.1"
      },
      "dependencies": {
        "base64-arraybuffer": {
          "version": "1.0.1",
          "resolved": "https://registry.npmmirror.com/base64-arraybuffer/download/base64-arraybuffer-1.0.1.tgz",
          "integrity": "sha1-h70TUlYm20qYOOAKUIwrc+/PNIw="
        }
      }
    }
  }
}
